<?xml version="1.0" encoding="utf-8"?>
<Project ToolsVersion="4.0" xmlns="http://schemas.microsoft.com/developer/msbuild/2003">
  <ItemGroup>
    <Filter Include="Source Files">
      <UniqueIdentifier>{4FC737F1-C7A5-4376-A066-2A32D752A2FF}</UniqueIdentifier>
      <Extensions>cpp;c;cc;cxx;c++;cppm;ixx;def;odl;idl;hpj;bat;asm;asmx</Extensions>
    </Filter>
    <Filter Include="Resource Files">
      <UniqueIdentifier>{67DA6AB6-F800-4c08-8B7A-83BB121AAD01}</UniqueIdentifier>
      <Extensions>rc;ico;cur;bmp;dlg;rc2;rct;bin;rgs;gif;jpg;jpeg;jpe;resx;tiff;tif;png;wav;mfcribbon-ms</Extensions>
    </Filter>
    <Filter Include="DataModel">
      <UniqueIdentifier>{afd137bd-93e2-4ac8-9acc-fb31eada46e0}</UniqueIdentifier>
    </Filter>
    <Filter Include="DataIngress">
      <UniqueIdentifier>{f7e468d0-49c9-4f46-9c02-4518d99ced0f}</UniqueIdentifier>
    </Filter>
    <Filter Include="Producer">
      <UniqueIdentifier>{bea99fe0-8410-4bff-bbce-a1586740500a}</UniqueIdentifier>
    </Filter>
    <Filter Include="Configuration">
      <UniqueIdentifier>{93995380-89BD-4b04-88EB-625FBE52EBFB}</UniqueIdentifier>
      <Extensions>h;hh;hpp;hxx;h++;hm;inl;inc;ipp;xsd</Extensions>
    </Filter>
  </ItemGroup>
  <ItemGroup>
    <ClCompile Include="CMT.cpp">
      <Filter>Source Files</Filter>
    </ClCompile>
    <ClCompile Include="StockData.cpp">
      <Filter>DataModel</Filter>
    </ClCompile>
    <ClCompile Include="CSVReader.cpp">
      <Filter>DataIngress</Filter>
    </ClCompile>
    <ClCompile Include="KafkaProducer.cpp">
      <Filter>Producer</Filter>
    </ClCompile>
    <ClCompile Include="ReadConfiguration.cpp">
      <Filter>Configuration</Filter>
    </ClCompile>
    <ClCompile Include="MarketData.cpp">
      <Filter>DataModel</Filter>
    </ClCompile>
  </ItemGroup>
  <ItemGroup>
    <None Include="packages.config" />
    <None Include="market_data.csv">
      <Filter>Resource Files</Filter>
    </None>
  </ItemGroup>
  <ItemGroup>
    <ClInclude Include="ReadConfiguration.h">
      <Filter>Configuration</Filter>
    </ClInclude>
    <ClInclude Include="MarketData.h">
      <Filter>DataModel</Filter>
    </ClInclude>
    <ClInclude Include="DataIngress.h">
      <Filter>DataIngress</Filter>
    </ClInclude>
    <ClInclude Include="CSVReader.h">
      <Filter>DataIngress</Filter>
    </ClInclude>
    <ClInclude Include="KafkaProducer.h">
      <Filter>Producer</Filter>
    </ClInclude>
    <ClInclude Include="Producer.h">
      <Filter>Producer</Filter>
    </ClInclude>
    <ClInclude Include="StockData.h">
      <Filter>DataModel</Filter>
    </ClInclude>
  </ItemGroup>
</Project>